
Microsoft Visual Studio Solution File, Format Version 12.00
# Visual Studio Version 16
VisualStudioVersion = 16.0.34031.81
MinimumVisualStudioVersion = 10.0.40219.1
Project("{FAE04EC0-301F-11D3-BF4B-00C04F79EFBC}") = "lab6_1", "lab6_1\lab6_1.csproj", "{C894D527-708D-40D9-AFF5-91C31F5219DB}"
EndProject
Global
	GlobalSection(SolutionConfigurationPlatforms) = preSolution
		Debug|Any CPU = Debug|Any CPU
		Release|Any CPU = Release|Any CPU
	EndGlobalSection
	GlobalSection(ProjectConfigurationPlatforms) = postSolution
		{C894D527-708D-40D9-AFF5-91C31F5219DB}.Debug|Any CPU.ActiveCfg = Debug|Any CPU
		{C894D527-708D-40D9-AFF5-91C31F5219DB}.Debug|Any CPU.Build.0 = Debug|Any CPU
		{C894D527-708D-40D9-AFF5-91C31F5219DB}.Release|Any CPU.ActiveCfg = Release|Any CPU
		{C894D527-708D-40D9-AFF5-91C31F5219DB}.Release|Any CPU.Build.0 = Release|Any CPU
	EndGlobalSection
	GlobalSection(SolutionProperties) = preSolution
		HideSolutionNode = FALSE
	EndGlobalSection
	GlobalSection(ExtensibilityGlobals) = postSolution
		SolutionGuid = {D2E494AA-8245-4A5C-A755-D396ECE0A76A}
	EndGlobalSection
EndGlobal
