
Microsoft Visual Studio Solution File, Format Version 12.00
# Visual Studio Version 16
VisualStudioVersion = 16.0.34031.81
MinimumVisualStudioVersion = 10.0.40219.1
Project("{FAE04EC0-301F-11D3-BF4B-00C04F79EFBC}") = "lab08", "lab08\lab08.csproj", "{FFB9C0E9-017F-488B-9F66-EFD031A8D820}"
EndProject
Global
	GlobalSection(SolutionConfigurationPlatforms) = preSolution
		Debug|Any CPU = Debug|Any CPU
		Release|Any CPU = Release|Any CPU
	EndGlobalSection
	GlobalSection(ProjectConfigurationPlatforms) = postSolution
		{FFB9C0E9-017F-488B-9F66-EFD031A8D820}.Debug|Any CPU.ActiveCfg = Debug|Any CPU
		{FFB9C0E9-017F-488B-9F66-EFD031A8D820}.Debug|Any CPU.Build.0 = Debug|Any CPU
		{FFB9C0E9-017F-488B-9F66-EFD031A8D820}.Release|Any CPU.ActiveCfg = Release|Any CPU
		{FFB9C0E9-017F-488B-9F66-EFD031A8D820}.Release|Any CPU.Build.0 = Release|Any CPU
	EndGlobalSection
	GlobalSection(SolutionProperties) = preSolution
		HideSolutionNode = FALSE
	EndGlobalSection
	GlobalSection(ExtensibilityGlobals) = postSolution
		SolutionGuid = {44F6D331-A56E-4E1B-BF96-1C33BDA45368}
	EndGlobalSection
EndGlobal
