
Microsoft Visual Studio Solution File, Format Version 12.00
# Visual Studio Version 16
VisualStudioVersion = 16.0.34031.81
MinimumVisualStudioVersion = 10.0.40219.1
Project("{9A19103F-16F7-4668-BE54-9A1E7A4F7556}") = "Snake", "Snake\Snake.csproj", "{AE7209C4-E19B-4E54-919C-5290A6F24711}"
EndProject
Global
	GlobalSection(SolutionConfigurationPlatforms) = preSolution
		Debug|Any CPU = Debug|Any CPU
		Release|Any CPU = Release|Any CPU
	EndGlobalSection
	GlobalSection(ProjectConfigurationPlatforms) = postSolution
		{AE7209C4-E19B-4E54-919C-5290A6F24711}.Debug|Any CPU.ActiveCfg = Debug|Any CPU
		{AE7209C4-E19B-4E54-919C-5290A6F24711}.Debug|Any CPU.Build.0 = Debug|Any CPU
		{AE7209C4-E19B-4E54-919C-5290A6F24711}.Release|Any CPU.ActiveCfg = Release|Any CPU
		{AE7209C4-E19B-4E54-919C-5290A6F24711}.Release|Any CPU.Build.0 = Release|Any CPU
	EndGlobalSection
	GlobalSection(SolutionProperties) = preSolution
		HideSolutionNode = FALSE
	EndGlobalSection
	GlobalSection(ExtensibilityGlobals) = postSolution
		SolutionGuid = {ACEACA01-09F7-4A39-8533-98CF81079E8F}
	EndGlobalSection
EndGlobal
