
Microsoft Visual Studio Solution File, Format Version 12.00
# Visual Studio Version 16
VisualStudioVersion = 16.0.34031.81
MinimumVisualStudioVersion = 10.0.40219.1
Project("{FAE04EC0-301F-11D3-BF4B-00C04F79EFBC}") = "lab4a", "lab4a\lab4a.csproj", "{40C58BEE-69C8-423F-8297-763C04644099}"
EndProject
Global
	GlobalSection(SolutionConfigurationPlatforms) = preSolution
		Debug|Any CPU = Debug|Any CPU
		Release|Any CPU = Release|Any CPU
	EndGlobalSection
	GlobalSection(ProjectConfigurationPlatforms) = postSolution
		{40C58BEE-69C8-423F-8297-763C04644099}.Debug|Any CPU.ActiveCfg = Debug|Any CPU
		{40C58BEE-69C8-423F-8297-763C04644099}.Debug|Any CPU.Build.0 = Debug|Any CPU
		{40C58BEE-69C8-423F-8297-763C04644099}.Release|Any CPU.ActiveCfg = Release|Any CPU
		{40C58BEE-69C8-423F-8297-763C04644099}.Release|Any CPU.Build.0 = Release|Any CPU
	EndGlobalSection
	GlobalSection(SolutionProperties) = preSolution
		HideSolutionNode = FALSE
	EndGlobalSection
	GlobalSection(ExtensibilityGlobals) = postSolution
		SolutionGuid = {206BAD59-5C09-4156-9318-312B274A5E78}
	EndGlobalSection
EndGlobal
