
Microsoft Visual Studio Solution File, Format Version 12.00
# Visual Studio Version 16
VisualStudioVersion = 16.0.34031.81
MinimumVisualStudioVersion = 10.0.40219.1
Project("{FAE04EC0-301F-11D3-BF4B-00C04F79EFBC}") = "lab4a_2", "lab4a_2\lab4a_2.csproj", "{8CCE2807-276C-4DBD-8F75-7C489EA52754}"
EndProject
Global
	GlobalSection(SolutionConfigurationPlatforms) = preSolution
		Debug|Any CPU = Debug|Any CPU
		Release|Any CPU = Release|Any CPU
	EndGlobalSection
	GlobalSection(ProjectConfigurationPlatforms) = postSolution
		{8CCE2807-276C-4DBD-8F75-7C489EA52754}.Debug|Any CPU.ActiveCfg = Debug|Any CPU
		{8CCE2807-276C-4DBD-8F75-7C489EA52754}.Debug|Any CPU.Build.0 = Debug|Any CPU
		{8CCE2807-276C-4DBD-8F75-7C489EA52754}.Release|Any CPU.ActiveCfg = Release|Any CPU
		{8CCE2807-276C-4DBD-8F75-7C489EA52754}.Release|Any CPU.Build.0 = Release|Any CPU
	EndGlobalSection
	GlobalSection(SolutionProperties) = preSolution
		HideSolutionNode = FALSE
	EndGlobalSection
	GlobalSection(ExtensibilityGlobals) = postSolution
		SolutionGuid = {26C18BAB-AE52-426A-B597-20AAEB53724A}
	EndGlobalSection
EndGlobal
